
Microsoft Visual Studio Solution File, Format Version 12.00
# Visual Studio 15
Project("{FAE04EC0-301F-11D3-BF4B-00C04F79EFBC}") = "Assembly-CSharp", "Assembly-CSharp.csproj", "{192AA26B-AE0F-929C-CA52-137BE8E2B0A8}"
EndProject
Project("{FAE04EC0-301F-11D3-BF4B-00C04F79EFBC}") = "Unity.Barracuda", "Unity.Barracuda.csproj", "{19C2B048-9E18-32F2-4EA7-56FA47B567B0}"
EndProject
Project("{FAE04EC0-301F-11D3-BF4B-00C04F79EFBC}") = "Unity.Barracuda.ONNX", "Unity.Barracuda.ONNX.csproj", "{34EDA97A-44A5-475B-B660-D3DF2C3CD7E1}"
EndProject
Project("{FAE04EC0-301F-11D3-BF4B-00C04F79EFBC}") = "PathCreator", "PathCreator.csproj", "{7E4838E0-3A66-5402-95D6-3171ABD8AFF3}"
EndProject
Project("{FAE04EC0-301F-11D3-BF4B-00C04F79EFBC}") = "Unity.ML-Agents.Extensions.Input", "Unity.ML-Agents.Extensions.Input.csproj", "{65966E47-CDCC-FC7E-EAC6-F5EC0C624941}"
EndProject
Project("{FAE04EC0-301F-11D3-BF4B-00C04F79EFBC}") = "Unity.ML-Agents.Extensions", "Unity.ML-Agents.Extensions.csproj", "{E4F1E5A5-13F3-D7B3-2FE3-318C8A905517}"
EndProject
Project("{FAE04EC0-301F-11D3-BF4B-00C04F79EFBC}") = "Unity.Barracuda.BurstBLAS", "Unity.Barracuda.BurstBLAS.csproj", "{C100BDDB-798F-12E4-1D9A-608D48A611E1}"
EndProject
Project("{FAE04EC0-301F-11D3-BF4B-00C04F79EFBC}") = "Unity.Barracuda.iOSBLAS", "Unity.Barracuda.iOSBLAS.csproj", "{63564BCE-21F0-8C08-7DBB-0C60E822B4BB}"
EndProject
Project("{FAE04EC0-301F-11D3-BF4B-00C04F79EFBC}") = "Unity.Barracuda.MacBLAS", "Unity.Barracuda.MacBLAS.csproj", "{885535F9-050B-6796-3084-B9716F91A0AE}"
EndProject
Project("{FAE04EC0-301F-11D3-BF4B-00C04F79EFBC}") = "Unity.ML-Agents.Extensions.Editor", "Unity.ML-Agents.Extensions.Editor.csproj", "{2953ED2C-89C9-B53D-2B4B-2179DCEF2176}"
EndProject
Project("{FAE04EC0-301F-11D3-BF4B-00C04F79EFBC}") = "Assembly-CSharp-Editor", "Assembly-CSharp-Editor.csproj", "{3CDA4339-030D-8ECD-022F-6298BCD604A6}"
EndProject
Project("{FAE04EC0-301F-11D3-BF4B-00C04F79EFBC}") = "PathCreatorEditor", "PathCreatorEditor.csproj", "{4248C670-EB61-0B6C-0477-75C63ADAFE93}"
EndProject
Project("{FAE04EC0-301F-11D3-BF4B-00C04F79EFBC}") = "Unity.ML-Agents.Extensions.Editor.Input", "Unity.ML-Agents.Extensions.Editor.Input.csproj", "{E213EEBA-AB42-6095-03EA-896F4C1574B4}"
EndProject
Project("{FAE04EC0-301F-11D3-BF4B-00C04F79EFBC}") = "Unity.Barracuda.Editor", "Unity.Barracuda.Editor.csproj", "{2446A6DA-C2D2-DE22-CE9F-1A4DF3795DCF}"
EndProject
Project("{FAE04EC0-301F-11D3-BF4B-00C04F79EFBC}") = "Assembly-CSharp", "Assembly-CSharp.Player.csproj", "{DA9C1BD4-6909-2E2F-311C-19DC7E864BFB}"
EndProject
Project("{FAE04EC0-301F-11D3-BF4B-00C04F79EFBC}") = "Unity.Barracuda", "Unity.Barracuda.Player.csproj", "{BE3EE2E3-8406-4CEC-DCF5-CDFC85CCE013}"
EndProject
Project("{FAE04EC0-301F-11D3-BF4B-00C04F79EFBC}") = "Unity.Barracuda.ONNX", "Unity.Barracuda.ONNX.Player.csproj", "{04D8D512-0469-CEE9-46B6-9137EE469FDA}"
EndProject
Project("{FAE04EC0-301F-11D3-BF4B-00C04F79EFBC}") = "PathCreator", "PathCreator.Player.csproj", "{162F4F8A-B3B7-94B5-1242-89F5C6314705}"
EndProject
Project("{FAE04EC0-301F-11D3-BF4B-00C04F79EFBC}") = "Unity.ML-Agents.Extensions.Input", "Unity.ML-Agents.Extensions.Input.Player.csproj", "{AFA0C034-5796-B2C7-301A-459BCCAB1F66}"
EndProject
Project("{FAE04EC0-301F-11D3-BF4B-00C04F79EFBC}") = "Unity.ML-Agents.Extensions", "Unity.ML-Agents.Extensions.Player.csproj", "{E6F447BF-36AD-598D-7565-DF7AACD73F36}"
EndProject
Project("{FAE04EC0-301F-11D3-BF4B-00C04F79EFBC}") = "Unity.Barracuda.BurstBLAS", "Unity.Barracuda.BurstBLAS.Player.csproj", "{1D7027DE-3582-DAFB-2B35-209360EE30EA}"
EndProject
Global
	GlobalSection(SolutionConfigurationPlatforms) = preSolution
		Debug|Any CPU = Debug|Any CPU
		Release|Any CPU = Release|Any CPU
	EndGlobalSection
	GlobalSection(ProjectConfigurationPlatforms) = postSolution
		{192AA26B-AE0F-929C-CA52-137BE8E2B0A8}.Debug|Any CPU.ActiveCfg = Debug|Any CPU
		{192AA26B-AE0F-929C-CA52-137BE8E2B0A8}.Debug|Any CPU.Build.0 = Debug|Any CPU
		{192AA26B-AE0F-929C-CA52-137BE8E2B0A8}.Release|Any CPU.ActiveCfg = Release|Any CPU
		{192AA26B-AE0F-929C-CA52-137BE8E2B0A8}.Release|Any CPU.Build.0 = Release|Any CPU
		{19C2B048-9E18-32F2-4EA7-56FA47B567B0}.Debug|Any CPU.ActiveCfg = Debug|Any CPU
		{19C2B048-9E18-32F2-4EA7-56FA47B567B0}.Debug|Any CPU.Build.0 = Debug|Any CPU
		{19C2B048-9E18-32F2-4EA7-56FA47B567B0}.Release|Any CPU.ActiveCfg = Release|Any CPU
		{19C2B048-9E18-32F2-4EA7-56FA47B567B0}.Release|Any CPU.Build.0 = Release|Any CPU
		{34EDA97A-44A5-475B-B660-D3DF2C3CD7E1}.Debug|Any CPU.ActiveCfg = Debug|Any CPU
		{34EDA97A-44A5-475B-B660-D3DF2C3CD7E1}.Debug|Any CPU.Build.0 = Debug|Any CPU
		{34EDA97A-44A5-475B-B660-D3DF2C3CD7E1}.Release|Any CPU.ActiveCfg = Release|Any CPU
		{34EDA97A-44A5-475B-B660-D3DF2C3CD7E1}.Release|Any CPU.Build.0 = Release|Any CPU
		{7E4838E0-3A66-5402-95D6-3171ABD8AFF3}.Debug|Any CPU.ActiveCfg = Debug|Any CPU
		{7E4838E0-3A66-5402-95D6-3171ABD8AFF3}.Debug|Any CPU.Build.0 = Debug|Any CPU
		{7E4838E0-3A66-5402-95D6-3171ABD8AFF3}.Release|Any CPU.ActiveCfg = Release|Any CPU
		{7E4838E0-3A66-5402-95D6-3171ABD8AFF3}.Release|Any CPU.Build.0 = Release|Any CPU
		{65966E47-CDCC-FC7E-EAC6-F5EC0C624941}.Debug|Any CPU.ActiveCfg = Debug|Any CPU
		{65966E47-CDCC-FC7E-EAC6-F5EC0C624941}.Debug|Any CPU.Build.0 = Debug|Any CPU
		{65966E47-CDCC-FC7E-EAC6-F5EC0C624941}.Release|Any CPU.ActiveCfg = Release|Any CPU
		{65966E47-CDCC-FC7E-EAC6-F5EC0C624941}.Release|Any CPU.Build.0 = Release|Any CPU
		{E4F1E5A5-13F3-D7B3-2FE3-318C8A905517}.Debug|Any CPU.ActiveCfg = Debug|Any CPU
		{E4F1E5A5-13F3-D7B3-2FE3-318C8A905517}.Debug|Any CPU.Build.0 = Debug|Any CPU
		{E4F1E5A5-13F3-D7B3-2FE3-318C8A905517}.Release|Any CPU.ActiveCfg = Release|Any CPU
		{E4F1E5A5-13F3-D7B3-2FE3-318C8A905517}.Release|Any CPU.Build.0 = Release|Any CPU
		{C100BDDB-798F-12E4-1D9A-608D48A611E1}.Debug|Any CPU.ActiveCfg = Debug|Any CPU
		{C100BDDB-798F-12E4-1D9A-608D48A611E1}.Debug|Any CPU.Build.0 = Debug|Any CPU
		{C100BDDB-798F-12E4-1D9A-608D48A611E1}.Release|Any CPU.ActiveCfg = Release|Any CPU
		{C100BDDB-798F-12E4-1D9A-608D48A611E1}.Release|Any CPU.Build.0 = Release|Any CPU
		{63564BCE-21F0-8C08-7DBB-0C60E822B4BB}.Debug|Any CPU.ActiveCfg = Debug|Any CPU
		{63564BCE-21F0-8C08-7DBB-0C60E822B4BB}.Debug|Any CPU.Build.0 = Debug|Any CPU
		{63564BCE-21F0-8C08-7DBB-0C60E822B4BB}.Release|Any CPU.ActiveCfg = Release|Any CPU
		{63564BCE-21F0-8C08-7DBB-0C60E822B4BB}.Release|Any CPU.Build.0 = Release|Any CPU
		{885535F9-050B-6796-3084-B9716F91A0AE}.Debug|Any CPU.ActiveCfg = Debug|Any CPU
		{885535F9-050B-6796-3084-B9716F91A0AE}.Debug|Any CPU.Build.0 = Debug|Any CPU
		{885535F9-050B-6796-3084-B9716F91A0AE}.Release|Any CPU.ActiveCfg = Release|Any CPU
		{885535F9-050B-6796-3084-B9716F91A0AE}.Release|Any CPU.Build.0 = Release|Any CPU
		{2953ED2C-89C9-B53D-2B4B-2179DCEF2176}.Debug|Any CPU.ActiveCfg = Debug|Any CPU
		{2953ED2C-89C9-B53D-2B4B-2179DCEF2176}.Debug|Any CPU.Build.0 = Debug|Any CPU
		{2953ED2C-89C9-B53D-2B4B-2179DCEF2176}.Release|Any CPU.ActiveCfg = Release|Any CPU
		{2953ED2C-89C9-B53D-2B4B-2179DCEF2176}.Release|Any CPU.Build.0 = Release|Any CPU
		{3CDA4339-030D-8ECD-022F-6298BCD604A6}.Debug|Any CPU.ActiveCfg = Debug|Any CPU
		{3CDA4339-030D-8ECD-022F-6298BCD604A6}.Debug|Any CPU.Build.0 = Debug|Any CPU
		{3CDA4339-030D-8ECD-022F-6298BCD604A6}.Release|Any CPU.ActiveCfg = Release|Any CPU
		{3CDA4339-030D-8ECD-022F-6298BCD604A6}.Release|Any CPU.Build.0 = Release|Any CPU
		{4248C670-EB61-0B6C-0477-75C63ADAFE93}.Debug|Any CPU.ActiveCfg = Debug|Any CPU
		{4248C670-EB61-0B6C-0477-75C63ADAFE93}.Debug|Any CPU.Build.0 = Debug|Any CPU
		{4248C670-EB61-0B6C-0477-75C63ADAFE93}.Release|Any CPU.ActiveCfg = Release|Any CPU
		{4248C670-EB61-0B6C-0477-75C63ADAFE93}.Release|Any CPU.Build.0 = Release|Any CPU
		{E213EEBA-AB42-6095-03EA-896F4C1574B4}.Debug|Any CPU.ActiveCfg = Debug|Any CPU
		{E213EEBA-AB42-6095-03EA-896F4C1574B4}.Debug|Any CPU.Build.0 = Debug|Any CPU
		{E213EEBA-AB42-6095-03EA-896F4C1574B4}.Release|Any CPU.ActiveCfg = Release|Any CPU
		{E213EEBA-AB42-6095-03EA-896F4C1574B4}.Release|Any CPU.Build.0 = Release|Any CPU
		{2446A6DA-C2D2-DE22-CE9F-1A4DF3795DCF}.Debug|Any CPU.ActiveCfg = Debug|Any CPU
		{2446A6DA-C2D2-DE22-CE9F-1A4DF3795DCF}.Debug|Any CPU.Build.0 = Debug|Any CPU
		{2446A6DA-C2D2-DE22-CE9F-1A4DF3795DCF}.Release|Any CPU.ActiveCfg = Release|Any CPU
		{2446A6DA-C2D2-DE22-CE9F-1A4DF3795DCF}.Release|Any CPU.Build.0 = Release|Any CPU
		{DA9C1BD4-6909-2E2F-311C-19DC7E864BFB}.Debug|Any CPU.ActiveCfg = Debug|Any CPU
		{DA9C1BD4-6909-2E2F-311C-19DC7E864BFB}.Debug|Any CPU.Build.0 = Debug|Any CPU
		{DA9C1BD4-6909-2E2F-311C-19DC7E864BFB}.Release|Any CPU.ActiveCfg = Release|Any CPU
		{DA9C1BD4-6909-2E2F-311C-19DC7E864BFB}.Release|Any CPU.Build.0 = Release|Any CPU
		{BE3EE2E3-8406-4CEC-DCF5-CDFC85CCE013}.Debug|Any CPU.ActiveCfg = Debug|Any CPU
		{BE3EE2E3-8406-4CEC-DCF5-CDFC85CCE013}.Debug|Any CPU.Build.0 = Debug|Any CPU
		{BE3EE2E3-8406-4CEC-DCF5-CDFC85CCE013}.Release|Any CPU.ActiveCfg = Release|Any CPU
		{BE3EE2E3-8406-4CEC-DCF5-CDFC85CCE013}.Release|Any CPU.Build.0 = Release|Any CPU
		{04D8D512-0469-CEE9-46B6-9137EE469FDA}.Debug|Any CPU.ActiveCfg = Debug|Any CPU
		{04D8D512-0469-CEE9-46B6-9137EE469FDA}.Debug|Any CPU.Build.0 = Debug|Any CPU
		{04D8D512-0469-CEE9-46B6-9137EE469FDA}.Release|Any CPU.ActiveCfg = Release|Any CPU
		{04D8D512-0469-CEE9-46B6-9137EE469FDA}.Release|Any CPU.Build.0 = Release|Any CPU
		{162F4F8A-B3B7-94B5-1242-89F5C6314705}.Debug|Any CPU.ActiveCfg = Debug|Any CPU
		{162F4F8A-B3B7-94B5-1242-89F5C6314705}.Debug|Any CPU.Build.0 = Debug|Any CPU
		{162F4F8A-B3B7-94B5-1242-89F5C6314705}.Release|Any CPU.ActiveCfg = Release|Any CPU
		{162F4F8A-B3B7-94B5-1242-89F5C6314705}.Release|Any CPU.Build.0 = Release|Any CPU
		{AFA0C034-5796-B2C7-301A-459BCCAB1F66}.Debug|Any CPU.ActiveCfg = Debug|Any CPU
		{AFA0C034-5796-B2C7-301A-459BCCAB1F66}.Debug|Any CPU.Build.0 = Debug|Any CPU
		{AFA0C034-5796-B2C7-301A-459BCCAB1F66}.Release|Any CPU.ActiveCfg = Release|Any CPU
		{AFA0C034-5796-B2C7-301A-459BCCAB1F66}.Release|Any CPU.Build.0 = Release|Any CPU
		{E6F447BF-36AD-598D-7565-DF7AACD73F36}.Debug|Any CPU.ActiveCfg = Debug|Any CPU
		{E6F447BF-36AD-598D-7565-DF7AACD73F36}.Debug|Any CPU.Build.0 = Debug|Any CPU
		{E6F447BF-36AD-598D-7565-DF7AACD73F36}.Release|Any CPU.ActiveCfg = Release|Any CPU
		{E6F447BF-36AD-598D-7565-DF7AACD73F36}.Release|Any CPU.Build.0 = Release|Any CPU
		{1D7027DE-3582-DAFB-2B35-209360EE30EA}.Debug|Any CPU.ActiveCfg = Debug|Any CPU
		{1D7027DE-3582-DAFB-2B35-209360EE30EA}.Debug|Any CPU.Build.0 = Debug|Any CPU
		{1D7027DE-3582-DAFB-2B35-209360EE30EA}.Release|Any CPU.ActiveCfg = Release|Any CPU
		{1D7027DE-3582-DAFB-2B35-209360EE30EA}.Release|Any CPU.Build.0 = Release|Any CPU
	EndGlobalSection
	GlobalSection(SolutionProperties) = preSolution
		HideSolutionNode = FALSE
	EndGlobalSection
EndGlobal
